
Microsoft Visual Studio Solution File, Format Version 12.00
# Visual Studio Version 17
VisualStudioVersion = 17.13.35931.197 d17.13
MinimumVisualStudioVersion = 10.0.40219.1
Project("{9A19103F-16F7-4668-BE54-9A1E7A4F7556}") = "Xbim.Presentation", "Xbim.Presentation\Xbim.Presentation.csproj", "{89F98E53-DE4E-4427-8244-D5934AD08849}"
	ProjectSection(ProjectDependencies) = postProject
		{32E5EBB2-6F99-75E8-0963-38B4753E0971} = {32E5EBB2-6F99-75E8-0963-38B4753E0971}
		{3338BCA1-D550-2453-3885-3D287856EF24} = {3338BCA1-D550-2453-3885-3D287856EF24}
		{45EC2D89-1D36-BA47-6436-B37236573CC4} = {45EC2D89-1D36-BA47-6436-B37236573CC4}
		{5BA25384-B013-4EA1-807D-C52B3573D41B} = {5BA25384-B013-4EA1-807D-C52B3573D41B}
		{8ED4E89F-3A65-60B5-5F9E-4B94F13B9E45} = {8ED4E89F-3A65-60B5-5F9E-4B94F13B9E45}
		{AA6DC2A6-3D24-4C14-67E3-6445269599FD} = {AA6DC2A6-3D24-4C14-67E3-6445269599FD}
		{C98919EB-9D19-A768-0ED2-55A191376922} = {C98919EB-9D19-A768-0ED2-55A191376922}
		{E6321191-BF39-CB0D-8B39-2AE811A9CC9A} = {E6321191-BF39-CB0D-8B39-2AE811A9CC9A}
	EndProjectSection
EndProject
Project("{9A19103F-16F7-4668-BE54-9A1E7A4F7556}") = "XbimXplorer", "XbimXplorer\XbimXplorer.csproj", "{D6CED5D7-BE37-4A32-90A5-1444C9FFDD91}"
	ProjectSection(ProjectDependencies) = postProject
		{32E5EBB2-6F99-75E8-0963-38B4753E0971} = {32E5EBB2-6F99-75E8-0963-38B4753E0971}
		{3338BCA1-D550-2453-3885-3D287856EF24} = {3338BCA1-D550-2453-3885-3D287856EF24}
		{45EC2D89-1D36-BA47-6436-B37236573CC4} = {45EC2D89-1D36-BA47-6436-B37236573CC4}
		{5BA25384-B013-4EA1-807D-C52B3573D41B} = {5BA25384-B013-4EA1-807D-C52B3573D41B}
		{8ED4E89F-3A65-60B5-5F9E-4B94F13B9E45} = {8ED4E89F-3A65-60B5-5F9E-4B94F13B9E45}
		{AA6DC2A6-3D24-4C14-67E3-6445269599FD} = {AA6DC2A6-3D24-4C14-67E3-6445269599FD}
		{C98919EB-9D19-A768-0ED2-55A191376922} = {C98919EB-9D19-A768-0ED2-55A191376922}
		{E6321191-BF39-CB0D-8B39-2AE811A9CC9A} = {E6321191-BF39-CB0D-8B39-2AE811A9CC9A}
	EndProjectSection
EndProject
Project("{2150E333-8FDC-42A3-9474-1A3956D46DE8}") = "Solution Items", "Solution Items", "{0E199F75-F5E2-4B21-9DDA-85AF017F9445}"
	ProjectSection(SolutionItems) = preProject
		.editorconfig = .editorconfig
		.gitignore = .gitignore
		azure-pipelines.yml = azure-pipelines.yml
		Directory.Build.props = Directory.Build.props
		LICENCE.md = LICENCE.md
		SharedAssemblyInfo.cs = SharedAssemblyInfo.cs
		XplorerPlugin.Bcf.plugin.nuspec = XplorerPlugin.Bcf.plugin.nuspec
	EndProjectSection
EndProject
Project("{2150E333-8FDC-42A3-9474-1A3956D46DE8}") = "XplorerPlugins", "XplorerPlugins", "{0A25F1E8-AAD2-4E93-B1AE-E50FCE26CB2C}"
EndProject
Project("{FAE04EC0-301F-11D3-BF4B-00C04F79EFBC}") = "XplorerPlugin.Bcf", "XplorerPlugin.Bcf\XplorerPlugin.Bcf.csproj", "{935963BB-7EE9-4C8F-BC60-DE43961F2E98}"
EndProject
Project("{9A19103F-16F7-4668-BE54-9A1E7A4F7556}") = "Tests", "Tests\Tests.csproj", "{645DE1B1-90B9-4B04-8F65-F6C81B046B23}"
EndProject
Project("{9A19103F-16F7-4668-BE54-9A1E7A4F7556}") = "Xbim.WinformsSample", "Xbim.WinformsSample\Xbim.WinformsSample.csproj", "{6ED232C8-1056-4FB5-9B72-18D045DB833B}"
	ProjectSection(ProjectDependencies) = postProject
		{32E5EBB2-6F99-75E8-0963-38B4753E0971} = {32E5EBB2-6F99-75E8-0963-38B4753E0971}
		{3338BCA1-D550-2453-3885-3D287856EF24} = {3338BCA1-D550-2453-3885-3D287856EF24}
		{45EC2D89-1D36-BA47-6436-B37236573CC4} = {45EC2D89-1D36-BA47-6436-B37236573CC4}
		{5BA25384-B013-4EA1-807D-C52B3573D41B} = {5BA25384-B013-4EA1-807D-C52B3573D41B}
		{8ED4E89F-3A65-60B5-5F9E-4B94F13B9E45} = {8ED4E89F-3A65-60B5-5F9E-4B94F13B9E45}
		{AA6DC2A6-3D24-4C14-67E3-6445269599FD} = {AA6DC2A6-3D24-4C14-67E3-6445269599FD}
		{C98919EB-9D19-A768-0ED2-55A191376922} = {C98919EB-9D19-A768-0ED2-55A191376922}
		{E6321191-BF39-CB0D-8B39-2AE811A9CC9A} = {E6321191-BF39-CB0D-8B39-2AE811A9CC9A}
	EndProjectSection
EndProject
Project("{FAE04EC0-301F-11D3-BF4B-00C04F79EFBC}") = "Xbim.Common", "..\XbimEssentials\Xbim.Common\Xbim.Common.csproj", "{3338BCA1-D550-2453-3885-3D287856EF24}"
EndProject
Project("{FAE04EC0-301F-11D3-BF4B-00C04F79EFBC}") = "Xbim.Ifc", "..\XbimEssentials\Xbim.Ifc\Xbim.Ifc.csproj", "{AA6DC2A6-3D24-4C14-67E3-6445269599FD}"
EndProject
Project("{FAE04EC0-301F-11D3-BF4B-00C04F79EFBC}") = "Xbim.Ifc2x3", "..\XbimEssentials\Xbim.Ifc2x3\Xbim.Ifc2x3.csproj", "{E6321191-BF39-CB0D-8B39-2AE811A9CC9A}"
EndProject
Project("{FAE04EC0-301F-11D3-BF4B-00C04F79EFBC}") = "Xbim.Ifc4", "..\XbimEssentials\Xbim.Ifc4\Xbim.Ifc4.csproj", "{C98919EB-9D19-A768-0ED2-55A191376922}"
EndProject
Project("{FAE04EC0-301F-11D3-BF4B-00C04F79EFBC}") = "Xbim.Ifc4x3", "..\XbimEssentials\Xbim.Ifc4x3\Xbim.Ifc4x3.csproj", "{32E5EBB2-6F99-75E8-0963-38B4753E0971}"
EndProject
Project("{FAE04EC0-301F-11D3-BF4B-00C04F79EFBC}") = "Xbim.IO.Esent", "..\XbimEssentials\Xbim.IO.Esent\Xbim.IO.Esent.csproj", "{5BA25384-B013-4EA1-807D-C52B3573D41B}"
EndProject
Project("{FAE04EC0-301F-11D3-BF4B-00C04F79EFBC}") = "Xbim.IO.MemoryModel", "..\XbimEssentials\Xbim.IO.MemoryModel\Xbim.IO.MemoryModel.csproj", "{8ED4E89F-3A65-60B5-5F9E-4B94F13B9E45}"
EndProject
Project("{FAE04EC0-301F-11D3-BF4B-00C04F79EFBC}") = "Xbim.Tessellator", "..\XbimEssentials\Xbim.Tessellator\Xbim.Tessellator.csproj", "{45EC2D89-1D36-BA47-6436-B37236573CC4}"
EndProject
Project("{FAE04EC0-301F-11D3-BF4B-00C04F79EFBC}") = "Xbim.Geometry.Abstractions", "..\Geometry.Abstractions\Xbim.Geometry.Abstractions\Xbim.Geometry.Abstractions.csproj", "{57B832A7-FE3F-1570-34E4-037208D4EF7A}"
EndProject
Global
	GlobalSection(SolutionConfigurationPlatforms) = preSolution
		Debug|Any CPU = Debug|Any CPU
		Debug|x64 = Debug|x64
		Debug|x86 = Debug|x86
		Release|Any CPU = Release|Any CPU
		Release|x64 = Release|x64
		Release|x86 = Release|x86
	EndGlobalSection
	GlobalSection(ProjectConfigurationPlatforms) = postSolution
		{89F98E53-DE4E-4427-8244-D5934AD08849}.Debug|Any CPU.ActiveCfg = Debug|Any CPU
		{89F98E53-DE4E-4427-8244-D5934AD08849}.Debug|Any CPU.Build.0 = Debug|Any CPU
		{89F98E53-DE4E-4427-8244-D5934AD08849}.Debug|x64.ActiveCfg = Debug|Any CPU
		{89F98E53-DE4E-4427-8244-D5934AD08849}.Debug|x64.Build.0 = Debug|Any CPU
		{89F98E53-DE4E-4427-8244-D5934AD08849}.Debug|x86.ActiveCfg = Debug|Any CPU
		{89F98E53-DE4E-4427-8244-D5934AD08849}.Debug|x86.Build.0 = Debug|Any CPU
		{89F98E53-DE4E-4427-8244-D5934AD08849}.Release|Any CPU.ActiveCfg = Release|Any CPU
		{89F98E53-DE4E-4427-8244-D5934AD08849}.Release|Any CPU.Build.0 = Release|Any CPU
		{89F98E53-DE4E-4427-8244-D5934AD08849}.Release|x64.ActiveCfg = Release|Any CPU
		{89F98E53-DE4E-4427-8244-D5934AD08849}.Release|x64.Build.0 = Release|Any CPU
		{89F98E53-DE4E-4427-8244-D5934AD08849}.Release|x86.ActiveCfg = Release|Any CPU
		{89F98E53-DE4E-4427-8244-D5934AD08849}.Release|x86.Build.0 = Release|Any CPU
		{D6CED5D7-BE37-4A32-90A5-1444C9FFDD91}.Debug|Any CPU.ActiveCfg = Debug|Any CPU
		{D6CED5D7-BE37-4A32-90A5-1444C9FFDD91}.Debug|Any CPU.Build.0 = Debug|Any CPU
		{D6CED5D7-BE37-4A32-90A5-1444C9FFDD91}.Debug|x64.ActiveCfg = Debug|Any CPU
		{D6CED5D7-BE37-4A32-90A5-1444C9FFDD91}.Debug|x64.Build.0 = Debug|Any CPU
		{D6CED5D7-BE37-4A32-90A5-1444C9FFDD91}.Debug|x86.ActiveCfg = Debug|Any CPU
		{D6CED5D7-BE37-4A32-90A5-1444C9FFDD91}.Debug|x86.Build.0 = Debug|Any CPU
		{D6CED5D7-BE37-4A32-90A5-1444C9FFDD91}.Release|Any CPU.ActiveCfg = Release|Any CPU
		{D6CED5D7-BE37-4A32-90A5-1444C9FFDD91}.Release|Any CPU.Build.0 = Release|Any CPU
		{D6CED5D7-BE37-4A32-90A5-1444C9FFDD91}.Release|x64.ActiveCfg = Release|Any CPU
		{D6CED5D7-BE37-4A32-90A5-1444C9FFDD91}.Release|x64.Build.0 = Release|Any CPU
		{D6CED5D7-BE37-4A32-90A5-1444C9FFDD91}.Release|x86.ActiveCfg = Release|Any CPU
		{D6CED5D7-BE37-4A32-90A5-1444C9FFDD91}.Release|x86.Build.0 = Release|Any CPU
		{935963BB-7EE9-4C8F-BC60-DE43961F2E98}.Debug|Any CPU.ActiveCfg = Debug|Any CPU
		{935963BB-7EE9-4C8F-BC60-DE43961F2E98}.Debug|Any CPU.Build.0 = Debug|Any CPU
		{935963BB-7EE9-4C8F-BC60-DE43961F2E98}.Debug|x64.ActiveCfg = Debug|Any CPU
		{935963BB-7EE9-4C8F-BC60-DE43961F2E98}.Debug|x64.Build.0 = Debug|Any CPU
		{935963BB-7EE9-4C8F-BC60-DE43961F2E98}.Debug|x86.ActiveCfg = Debug|Any CPU
		{935963BB-7EE9-4C8F-BC60-DE43961F2E98}.Debug|x86.Build.0 = Debug|Any CPU
		{935963BB-7EE9-4C8F-BC60-DE43961F2E98}.Release|Any CPU.ActiveCfg = Release|Any CPU
		{935963BB-7EE9-4C8F-BC60-DE43961F2E98}.Release|Any CPU.Build.0 = Release|Any CPU
		{935963BB-7EE9-4C8F-BC60-DE43961F2E98}.Release|x64.ActiveCfg = Release|Any CPU
		{935963BB-7EE9-4C8F-BC60-DE43961F2E98}.Release|x64.Build.0 = Release|Any CPU
		{935963BB-7EE9-4C8F-BC60-DE43961F2E98}.Release|x86.ActiveCfg = Release|Any CPU
		{935963BB-7EE9-4C8F-BC60-DE43961F2E98}.Release|x86.Build.0 = Release|Any CPU
		{645DE1B1-90B9-4B04-8F65-F6C81B046B23}.Debug|Any CPU.ActiveCfg = Debug|Any CPU
		{645DE1B1-90B9-4B04-8F65-F6C81B046B23}.Debug|Any CPU.Build.0 = Debug|Any CPU
		{645DE1B1-90B9-4B04-8F65-F6C81B046B23}.Debug|x64.ActiveCfg = Debug|Any CPU
		{645DE1B1-90B9-4B04-8F65-F6C81B046B23}.Debug|x64.Build.0 = Debug|Any CPU
		{645DE1B1-90B9-4B04-8F65-F6C81B046B23}.Debug|x86.ActiveCfg = Debug|Any CPU
		{645DE1B1-90B9-4B04-8F65-F6C81B046B23}.Debug|x86.Build.0 = Debug|Any CPU
		{645DE1B1-90B9-4B04-8F65-F6C81B046B23}.Release|Any CPU.ActiveCfg = Release|Any CPU
		{645DE1B1-90B9-4B04-8F65-F6C81B046B23}.Release|Any CPU.Build.0 = Release|Any CPU
		{645DE1B1-90B9-4B04-8F65-F6C81B046B23}.Release|x64.ActiveCfg = Release|Any CPU
		{645DE1B1-90B9-4B04-8F65-F6C81B046B23}.Release|x64.Build.0 = Release|Any CPU
		{645DE1B1-90B9-4B04-8F65-F6C81B046B23}.Release|x86.ActiveCfg = Release|Any CPU
		{645DE1B1-90B9-4B04-8F65-F6C81B046B23}.Release|x86.Build.0 = Release|Any CPU
		{6ED232C8-1056-4FB5-9B72-18D045DB833B}.Debug|Any CPU.ActiveCfg = Debug|Any CPU
		{6ED232C8-1056-4FB5-9B72-18D045DB833B}.Debug|Any CPU.Build.0 = Debug|Any CPU
		{6ED232C8-1056-4FB5-9B72-18D045DB833B}.Debug|x64.ActiveCfg = Debug|Any CPU
		{6ED232C8-1056-4FB5-9B72-18D045DB833B}.Debug|x64.Build.0 = Debug|Any CPU
		{6ED232C8-1056-4FB5-9B72-18D045DB833B}.Debug|x86.ActiveCfg = Debug|Any CPU
		{6ED232C8-1056-4FB5-9B72-18D045DB833B}.Debug|x86.Build.0 = Debug|Any CPU
		{6ED232C8-1056-4FB5-9B72-18D045DB833B}.Release|Any CPU.ActiveCfg = Release|Any CPU
		{6ED232C8-1056-4FB5-9B72-18D045DB833B}.Release|Any CPU.Build.0 = Release|Any CPU
		{6ED232C8-1056-4FB5-9B72-18D045DB833B}.Release|x64.ActiveCfg = Release|Any CPU
		{6ED232C8-1056-4FB5-9B72-18D045DB833B}.Release|x64.Build.0 = Release|Any CPU
		{6ED232C8-1056-4FB5-9B72-18D045DB833B}.Release|x86.ActiveCfg = Release|Any CPU
		{6ED232C8-1056-4FB5-9B72-18D045DB833B}.Release|x86.Build.0 = Release|Any CPU
		{3338BCA1-D550-2453-3885-3D287856EF24}.Debug|Any CPU.ActiveCfg = Debug|Any CPU
		{3338BCA1-D550-2453-3885-3D287856EF24}.Debug|Any CPU.Build.0 = Debug|Any CPU
		{3338BCA1-D550-2453-3885-3D287856EF24}.Debug|x64.ActiveCfg = Debug|Any CPU
		{3338BCA1-D550-2453-3885-3D287856EF24}.Debug|x64.Build.0 = Debug|Any CPU
		{3338BCA1-D550-2453-3885-3D287856EF24}.Debug|x86.ActiveCfg = Debug|Any CPU
		{3338BCA1-D550-2453-3885-3D287856EF24}.Debug|x86.Build.0 = Debug|Any CPU
		{3338BCA1-D550-2453-3885-3D287856EF24}.Release|Any CPU.ActiveCfg = Release|Any CPU
		{3338BCA1-D550-2453-3885-3D287856EF24}.Release|Any CPU.Build.0 = Release|Any CPU
		{3338BCA1-D550-2453-3885-3D287856EF24}.Release|x64.ActiveCfg = Release|Any CPU
		{3338BCA1-D550-2453-3885-3D287856EF24}.Release|x64.Build.0 = Release|Any CPU
		{3338BCA1-D550-2453-3885-3D287856EF24}.Release|x86.ActiveCfg = Release|Any CPU
		{3338BCA1-D550-2453-3885-3D287856EF24}.Release|x86.Build.0 = Release|Any CPU
		{AA6DC2A6-3D24-4C14-67E3-6445269599FD}.Debug|Any CPU.ActiveCfg = Debug|Any CPU
		{AA6DC2A6-3D24-4C14-67E3-6445269599FD}.Debug|Any CPU.Build.0 = Debug|Any CPU
		{AA6DC2A6-3D24-4C14-67E3-6445269599FD}.Debug|x64.ActiveCfg = Debug|Any CPU
		{AA6DC2A6-3D24-4C14-67E3-6445269599FD}.Debug|x64.Build.0 = Debug|Any CPU
		{AA6DC2A6-3D24-4C14-67E3-6445269599FD}.Debug|x86.ActiveCfg = Debug|Any CPU
		{AA6DC2A6-3D24-4C14-67E3-6445269599FD}.Debug|x86.Build.0 = Debug|Any CPU
		{AA6DC2A6-3D24-4C14-67E3-6445269599FD}.Release|Any CPU.ActiveCfg = Release|Any CPU
		{AA6DC2A6-3D24-4C14-67E3-6445269599FD}.Release|Any CPU.Build.0 = Release|Any CPU
		{AA6DC2A6-3D24-4C14-67E3-6445269599FD}.Release|x64.ActiveCfg = Release|Any CPU
		{AA6DC2A6-3D24-4C14-67E3-6445269599FD}.Release|x64.Build.0 = Release|Any CPU
		{AA6DC2A6-3D24-4C14-67E3-6445269599FD}.Release|x86.ActiveCfg = Release|Any CPU
		{AA6DC2A6-3D24-4C14-67E3-6445269599FD}.Release|x86.Build.0 = Release|Any CPU
		{E6321191-BF39-CB0D-8B39-2AE811A9CC9A}.Debug|Any CPU.ActiveCfg = Debug|Any CPU
		{E6321191-BF39-CB0D-8B39-2AE811A9CC9A}.Debug|Any CPU.Build.0 = Debug|Any CPU
		{E6321191-BF39-CB0D-8B39-2AE811A9CC9A}.Debug|x64.ActiveCfg = Debug|Any CPU
		{E6321191-BF39-CB0D-8B39-2AE811A9CC9A}.Debug|x64.Build.0 = Debug|Any CPU
		{E6321191-BF39-CB0D-8B39-2AE811A9CC9A}.Debug|x86.ActiveCfg = Debug|Any CPU
		{E6321191-BF39-CB0D-8B39-2AE811A9CC9A}.Debug|x86.Build.0 = Debug|Any CPU
		{E6321191-BF39-CB0D-8B39-2AE811A9CC9A}.Release|Any CPU.ActiveCfg = Release|Any CPU
		{E6321191-BF39-CB0D-8B39-2AE811A9CC9A}.Release|Any CPU.Build.0 = Release|Any CPU
		{E6321191-BF39-CB0D-8B39-2AE811A9CC9A}.Release|x64.ActiveCfg = Release|Any CPU
		{E6321191-BF39-CB0D-8B39-2AE811A9CC9A}.Release|x64.Build.0 = Release|Any CPU
		{E6321191-BF39-CB0D-8B39-2AE811A9CC9A}.Release|x86.ActiveCfg = Release|Any CPU
		{E6321191-BF39-CB0D-8B39-2AE811A9CC9A}.Release|x86.Build.0 = Release|Any CPU
		{C98919EB-9D19-A768-0ED2-55A191376922}.Debug|Any CPU.ActiveCfg = Debug|Any CPU
		{C98919EB-9D19-A768-0ED2-55A191376922}.Debug|Any CPU.Build.0 = Debug|Any CPU
		{C98919EB-9D19-A768-0ED2-55A191376922}.Debug|x64.ActiveCfg = Debug|Any CPU
		{C98919EB-9D19-A768-0ED2-55A191376922}.Debug|x64.Build.0 = Debug|Any CPU
		{C98919EB-9D19-A768-0ED2-55A191376922}.Debug|x86.ActiveCfg = Debug|Any CPU
		{C98919EB-9D19-A768-0ED2-55A191376922}.Debug|x86.Build.0 = Debug|Any CPU
		{C98919EB-9D19-A768-0ED2-55A191376922}.Release|Any CPU.ActiveCfg = Release|Any CPU
		{C98919EB-9D19-A768-0ED2-55A191376922}.Release|Any CPU.Build.0 = Release|Any CPU
		{C98919EB-9D19-A768-0ED2-55A191376922}.Release|x64.ActiveCfg = Release|Any CPU
		{C98919EB-9D19-A768-0ED2-55A191376922}.Release|x64.Build.0 = Release|Any CPU
		{C98919EB-9D19-A768-0ED2-55A191376922}.Release|x86.ActiveCfg = Release|Any CPU
		{C98919EB-9D19-A768-0ED2-55A191376922}.Release|x86.Build.0 = Release|Any CPU
		{32E5EBB2-6F99-75E8-0963-38B4753E0971}.Debug|Any CPU.ActiveCfg = Debug|Any CPU
		{32E5EBB2-6F99-75E8-0963-38B4753E0971}.Debug|Any CPU.Build.0 = Debug|Any CPU
		{32E5EBB2-6F99-75E8-0963-38B4753E0971}.Debug|x64.ActiveCfg = Debug|Any CPU
		{32E5EBB2-6F99-75E8-0963-38B4753E0971}.Debug|x64.Build.0 = Debug|Any CPU
		{32E5EBB2-6F99-75E8-0963-38B4753E0971}.Debug|x86.ActiveCfg = Debug|Any CPU
		{32E5EBB2-6F99-75E8-0963-38B4753E0971}.Debug|x86.Build.0 = Debug|Any CPU
		{32E5EBB2-6F99-75E8-0963-38B4753E0971}.Release|Any CPU.ActiveCfg = Release|Any CPU
		{32E5EBB2-6F99-75E8-0963-38B4753E0971}.Release|Any CPU.Build.0 = Release|Any CPU
		{32E5EBB2-6F99-75E8-0963-38B4753E0971}.Release|x64.ActiveCfg = Release|Any CPU
		{32E5EBB2-6F99-75E8-0963-38B4753E0971}.Release|x64.Build.0 = Release|Any CPU
		{32E5EBB2-6F99-75E8-0963-38B4753E0971}.Release|x86.ActiveCfg = Release|Any CPU
		{32E5EBB2-6F99-75E8-0963-38B4753E0971}.Release|x86.Build.0 = Release|Any CPU
		{5BA25384-B013-4EA1-807D-C52B3573D41B}.Debug|Any CPU.ActiveCfg = Debug|Any CPU
		{5BA25384-B013-4EA1-807D-C52B3573D41B}.Debug|Any CPU.Build.0 = Debug|Any CPU
		{5BA25384-B013-4EA1-807D-C52B3573D41B}.Debug|x64.ActiveCfg = Debug|Any CPU
		{5BA25384-B013-4EA1-807D-C52B3573D41B}.Debug|x64.Build.0 = Debug|Any CPU
		{5BA25384-B013-4EA1-807D-C52B3573D41B}.Debug|x86.ActiveCfg = Debug|Any CPU
		{5BA25384-B013-4EA1-807D-C52B3573D41B}.Debug|x86.Build.0 = Debug|Any CPU
		{5BA25384-B013-4EA1-807D-C52B3573D41B}.Release|Any CPU.ActiveCfg = Release|Any CPU
		{5BA25384-B013-4EA1-807D-C52B3573D41B}.Release|Any CPU.Build.0 = Release|Any CPU
		{5BA25384-B013-4EA1-807D-C52B3573D41B}.Release|x64.ActiveCfg = Release|Any CPU
		{5BA25384-B013-4EA1-807D-C52B3573D41B}.Release|x64.Build.0 = Release|Any CPU
		{5BA25384-B013-4EA1-807D-C52B3573D41B}.Release|x86.ActiveCfg = Release|Any CPU
		{5BA25384-B013-4EA1-807D-C52B3573D41B}.Release|x86.Build.0 = Release|Any CPU
		{8ED4E89F-3A65-60B5-5F9E-4B94F13B9E45}.Debug|Any CPU.ActiveCfg = Debug|Any CPU
		{8ED4E89F-3A65-60B5-5F9E-4B94F13B9E45}.Debug|Any CPU.Build.0 = Debug|Any CPU
		{8ED4E89F-3A65-60B5-5F9E-4B94F13B9E45}.Debug|x64.ActiveCfg = Debug|Any CPU
		{8ED4E89F-3A65-60B5-5F9E-4B94F13B9E45}.Debug|x64.Build.0 = Debug|Any CPU
		{8ED4E89F-3A65-60B5-5F9E-4B94F13B9E45}.Debug|x86.ActiveCfg = Debug|Any CPU
		{8ED4E89F-3A65-60B5-5F9E-4B94F13B9E45}.Debug|x86.Build.0 = Debug|Any CPU
		{8ED4E89F-3A65-60B5-5F9E-4B94F13B9E45}.Release|Any CPU.ActiveCfg = Release|Any CPU
		{8ED4E89F-3A65-60B5-5F9E-4B94F13B9E45}.Release|Any CPU.Build.0 = Release|Any CPU
		{8ED4E89F-3A65-60B5-5F9E-4B94F13B9E45}.Release|x64.ActiveCfg = Release|Any CPU
		{8ED4E89F-3A65-60B5-5F9E-4B94F13B9E45}.Release|x64.Build.0 = Release|Any CPU
		{8ED4E89F-3A65-60B5-5F9E-4B94F13B9E45}.Release|x86.ActiveCfg = Release|Any CPU
		{8ED4E89F-3A65-60B5-5F9E-4B94F13B9E45}.Release|x86.Build.0 = Release|Any CPU
		{45EC2D89-1D36-BA47-6436-B37236573CC4}.Debug|Any CPU.ActiveCfg = Debug|Any CPU
		{45EC2D89-1D36-BA47-6436-B37236573CC4}.Debug|Any CPU.Build.0 = Debug|Any CPU
		{45EC2D89-1D36-BA47-6436-B37236573CC4}.Debug|x64.ActiveCfg = Debug|Any CPU
		{45EC2D89-1D36-BA47-6436-B37236573CC4}.Debug|x64.Build.0 = Debug|Any CPU
		{45EC2D89-1D36-BA47-6436-B37236573CC4}.Debug|x86.ActiveCfg = Debug|Any CPU
		{45EC2D89-1D36-BA47-6436-B37236573CC4}.Debug|x86.Build.0 = Debug|Any CPU
		{45EC2D89-1D36-BA47-6436-B37236573CC4}.Release|Any CPU.ActiveCfg = Release|Any CPU
		{45EC2D89-1D36-BA47-6436-B37236573CC4}.Release|Any CPU.Build.0 = Release|Any CPU
		{45EC2D89-1D36-BA47-6436-B37236573CC4}.Release|x64.ActiveCfg = Release|Any CPU
		{45EC2D89-1D36-BA47-6436-B37236573CC4}.Release|x64.Build.0 = Release|Any CPU
		{45EC2D89-1D36-BA47-6436-B37236573CC4}.Release|x86.ActiveCfg = Release|Any CPU
		{45EC2D89-1D36-BA47-6436-B37236573CC4}.Release|x86.Build.0 = Release|Any CPU
		{57B832A7-FE3F-1570-34E4-037208D4EF7A}.Debug|Any CPU.ActiveCfg = Debug|Any CPU
		{57B832A7-FE3F-1570-34E4-037208D4EF7A}.Debug|Any CPU.Build.0 = Debug|Any CPU
		{57B832A7-FE3F-1570-34E4-037208D4EF7A}.Debug|x64.ActiveCfg = Debug|Any CPU
		{57B832A7-FE3F-1570-34E4-037208D4EF7A}.Debug|x64.Build.0 = Debug|Any CPU
		{57B832A7-FE3F-1570-34E4-037208D4EF7A}.Debug|x86.ActiveCfg = Debug|Any CPU
		{57B832A7-FE3F-1570-34E4-037208D4EF7A}.Debug|x86.Build.0 = Debug|Any CPU
		{57B832A7-FE3F-1570-34E4-037208D4EF7A}.Release|Any CPU.ActiveCfg = Release|Any CPU
		{57B832A7-FE3F-1570-34E4-037208D4EF7A}.Release|Any CPU.Build.0 = Release|Any CPU
		{57B832A7-FE3F-1570-34E4-037208D4EF7A}.Release|x64.ActiveCfg = Release|Any CPU
		{57B832A7-FE3F-1570-34E4-037208D4EF7A}.Release|x64.Build.0 = Release|Any CPU
		{57B832A7-FE3F-1570-34E4-037208D4EF7A}.Release|x86.ActiveCfg = Release|Any CPU
		{57B832A7-FE3F-1570-34E4-037208D4EF7A}.Release|x86.Build.0 = Release|Any CPU
	EndGlobalSection
	GlobalSection(SolutionProperties) = preSolution
		HideSolutionNode = FALSE
	EndGlobalSection
	GlobalSection(NestedProjects) = preSolution
		{935963BB-7EE9-4C8F-BC60-DE43961F2E98} = {0A25F1E8-AAD2-4E93-B1AE-E50FCE26CB2C}
	EndGlobalSection
	GlobalSection(ExtensibilityGlobals) = postSolution
		SolutionGuid = {A75501D3-AC6F-4B92-A02D-C9347E05FAC2}
	EndGlobalSection
EndGlobal
